
Microsoft Visual Studio Solution File, Format Version 12.00
# Visual Studio Version 17
VisualStudioVersion = 17.0.31903.59
MinimumVisualStudioVersion = 10.0.40219.1
Project("{2150E333-8FDC-42A3-9474-1A3956D46DE8}") = "src", "src", "{827E0CD3-B72D-47B6-A68D-7590B98EB39B}"
EndProject
Project("{FAE04EC0-301F-11D3-BF4B-00C04F79EFBC}") = "AppName.Domain", "src\AppName.Domain\AppName.Domain.csproj", "{BE21E412-1CC0-4DDD-9604-733B75B00B26}"
EndProject
Project("{2150E333-8FDC-42A3-9474-1A3956D46DE8}") = "tests", "tests", "{0AB3BF05-4346-4AA6-1389-037BE0695223}"
EndProject
Project("{FAE04EC0-301F-11D3-BF4B-00C04F79EFBC}") = "AppName.Domain.Tests", "tests\AppName.Domain.Tests\AppName.Domain.Tests.csproj", "{CA24E7F9-72FD-4649-8133-66E21452E65C}"
EndProject
Project("{FAE04EC0-301F-11D3-BF4B-00C04F79EFBC}") = "AppName.Application", "src\AppName.Application\AppName.Application.csproj", "{8BE7AB9B-9344-4252-AA1C-825487314E58}"
EndProject
Project("{FAE04EC0-301F-11D3-BF4B-00C04F79EFBC}") = "AppName.Application.Tests", "tests\AppName.Application.Tests\AppName.Application.Tests.csproj", "{7F395C90-4E7B-4827-BD62-762E4AA60AE4}"
EndProject
Project("{FAE04EC0-301F-11D3-BF4B-00C04F79EFBC}") = "AppName.Infrastructure", "src\AppName.Infrastructure\AppName.Infrastructure.csproj", "{B2CEEB9C-E4D3-4578-ABF3-261A249E0611}"
EndProject
Project("{FAE04EC0-301F-11D3-BF4B-00C04F79EFBC}") = "AppName.Infrastructure.Tests", "tests\AppName.Infrastructure.Tests\AppName.Infrastructure.Tests.csproj", "{0F95507E-D2E4-48DD-AB43-70A0E26195E9}"
EndProject
Global
	GlobalSection(SolutionConfigurationPlatforms) = preSolution
		Debug|Any CPU = Debug|Any CPU
		Debug|x64 = Debug|x64
		Debug|x86 = Debug|x86
		Release|Any CPU = Release|Any CPU
		Release|x64 = Release|x64
		Release|x86 = Release|x86
	EndGlobalSection
	GlobalSection(ProjectConfigurationPlatforms) = postSolution
		{BE21E412-1CC0-4DDD-9604-733B75B00B26}.Debug|Any CPU.ActiveCfg = Debug|Any CPU
		{BE21E412-1CC0-4DDD-9604-733B75B00B26}.Debug|Any CPU.Build.0 = Debug|Any CPU
		{BE21E412-1CC0-4DDD-9604-733B75B00B26}.Debug|x64.ActiveCfg = Debug|Any CPU
		{BE21E412-1CC0-4DDD-9604-733B75B00B26}.Debug|x64.Build.0 = Debug|Any CPU
		{BE21E412-1CC0-4DDD-9604-733B75B00B26}.Debug|x86.ActiveCfg = Debug|Any CPU
		{BE21E412-1CC0-4DDD-9604-733B75B00B26}.Debug|x86.Build.0 = Debug|Any CPU
		{BE21E412-1CC0-4DDD-9604-733B75B00B26}.Release|Any CPU.ActiveCfg = Release|Any CPU
		{BE21E412-1CC0-4DDD-9604-733B75B00B26}.Release|Any CPU.Build.0 = Release|Any CPU
		{BE21E412-1CC0-4DDD-9604-733B75B00B26}.Release|x64.ActiveCfg = Release|Any CPU
		{BE21E412-1CC0-4DDD-9604-733B75B00B26}.Release|x64.Build.0 = Release|Any CPU
		{BE21E412-1CC0-4DDD-9604-733B75B00B26}.Release|x86.ActiveCfg = Release|Any CPU
		{BE21E412-1CC0-4DDD-9604-733B75B00B26}.Release|x86.Build.0 = Release|Any CPU
		{CA24E7F9-72FD-4649-8133-66E21452E65C}.Debug|Any CPU.ActiveCfg = Debug|Any CPU
		{CA24E7F9-72FD-4649-8133-66E21452E65C}.Debug|Any CPU.Build.0 = Debug|Any CPU
		{CA24E7F9-72FD-4649-8133-66E21452E65C}.Debug|x64.ActiveCfg = Debug|Any CPU
		{CA24E7F9-72FD-4649-8133-66E21452E65C}.Debug|x64.Build.0 = Debug|Any CPU
		{CA24E7F9-72FD-4649-8133-66E21452E65C}.Debug|x86.ActiveCfg = Debug|Any CPU
		{CA24E7F9-72FD-4649-8133-66E21452E65C}.Debug|x86.Build.0 = Debug|Any CPU
		{CA24E7F9-72FD-4649-8133-66E21452E65C}.Release|Any CPU.ActiveCfg = Release|Any CPU
		{CA24E7F9-72FD-4649-8133-66E21452E65C}.Release|Any CPU.Build.0 = Release|Any CPU
		{CA24E7F9-72FD-4649-8133-66E21452E65C}.Release|x64.ActiveCfg = Release|Any CPU
		{CA24E7F9-72FD-4649-8133-66E21452E65C}.Release|x64.Build.0 = Release|Any CPU
		{CA24E7F9-72FD-4649-8133-66E21452E65C}.Release|x86.ActiveCfg = Release|Any CPU
		{CA24E7F9-72FD-4649-8133-66E21452E65C}.Release|x86.Build.0 = Release|Any CPU
		{8BE7AB9B-9344-4252-AA1C-825487314E58}.Debug|Any CPU.ActiveCfg = Debug|Any CPU
		{8BE7AB9B-9344-4252-AA1C-825487314E58}.Debug|Any CPU.Build.0 = Debug|Any CPU
		{8BE7AB9B-9344-4252-AA1C-825487314E58}.Debug|x64.ActiveCfg = Debug|Any CPU
		{8BE7AB9B-9344-4252-AA1C-825487314E58}.Debug|x64.Build.0 = Debug|Any CPU
		{8BE7AB9B-9344-4252-AA1C-825487314E58}.Debug|x86.ActiveCfg = Debug|Any CPU
		{8BE7AB9B-9344-4252-AA1C-825487314E58}.Debug|x86.Build.0 = Debug|Any CPU
		{8BE7AB9B-9344-4252-AA1C-825487314E58}.Release|Any CPU.ActiveCfg = Release|Any CPU
		{8BE7AB9B-9344-4252-AA1C-825487314E58}.Release|Any CPU.Build.0 = Release|Any CPU
		{8BE7AB9B-9344-4252-AA1C-825487314E58}.Release|x64.ActiveCfg = Release|Any CPU
		{8BE7AB9B-9344-4252-AA1C-825487314E58}.Release|x64.Build.0 = Release|Any CPU
		{8BE7AB9B-9344-4252-AA1C-825487314E58}.Release|x86.ActiveCfg = Release|Any CPU
		{8BE7AB9B-9344-4252-AA1C-825487314E58}.Release|x86.Build.0 = Release|Any CPU
		{7F395C90-4E7B-4827-BD62-762E4AA60AE4}.Debug|Any CPU.ActiveCfg = Debug|Any CPU
		{7F395C90-4E7B-4827-BD62-762E4AA60AE4}.Debug|Any CPU.Build.0 = Debug|Any CPU
		{7F395C90-4E7B-4827-BD62-762E4AA60AE4}.Debug|x64.ActiveCfg = Debug|Any CPU
		{7F395C90-4E7B-4827-BD62-762E4AA60AE4}.Debug|x64.Build.0 = Debug|Any CPU
		{7F395C90-4E7B-4827-BD62-762E4AA60AE4}.Debug|x86.ActiveCfg = Debug|Any CPU
		{7F395C90-4E7B-4827-BD62-762E4AA60AE4}.Debug|x86.Build.0 = Debug|Any CPU
		{7F395C90-4E7B-4827-BD62-762E4AA60AE4}.Release|Any CPU.ActiveCfg = Release|Any CPU
		{7F395C90-4E7B-4827-BD62-762E4AA60AE4}.Release|Any CPU.Build.0 = Release|Any CPU
		{7F395C90-4E7B-4827-BD62-762E4AA60AE4}.Release|x64.ActiveCfg = Release|Any CPU
		{7F395C90-4E7B-4827-BD62-762E4AA60AE4}.Release|x64.Build.0 = Release|Any CPU
		{7F395C90-4E7B-4827-BD62-762E4AA60AE4}.Release|x86.ActiveCfg = Release|Any CPU
		{7F395C90-4E7B-4827-BD62-762E4AA60AE4}.Release|x86.Build.0 = Release|Any CPU
		{B2CEEB9C-E4D3-4578-ABF3-261A249E0611}.Debug|Any CPU.ActiveCfg = Debug|Any CPU
		{B2CEEB9C-E4D3-4578-ABF3-261A249E0611}.Debug|Any CPU.Build.0 = Debug|Any CPU
		{B2CEEB9C-E4D3-4578-ABF3-261A249E0611}.Debug|x64.ActiveCfg = Debug|Any CPU
		{B2CEEB9C-E4D3-4578-ABF3-261A249E0611}.Debug|x64.Build.0 = Debug|Any CPU
		{B2CEEB9C-E4D3-4578-ABF3-261A249E0611}.Debug|x86.ActiveCfg = Debug|Any CPU
		{B2CEEB9C-E4D3-4578-ABF3-261A249E0611}.Debug|x86.Build.0 = Debug|Any CPU
		{B2CEEB9C-E4D3-4578-ABF3-261A249E0611}.Release|Any CPU.ActiveCfg = Release|Any CPU
		{B2CEEB9C-E4D3-4578-ABF3-261A249E0611}.Release|Any CPU.Build.0 = Release|Any CPU
		{B2CEEB9C-E4D3-4578-ABF3-261A249E0611}.Release|x64.ActiveCfg = Release|Any CPU
		{B2CEEB9C-E4D3-4578-ABF3-261A249E0611}.Release|x64.Build.0 = Release|Any CPU
		{B2CEEB9C-E4D3-4578-ABF3-261A249E0611}.Release|x86.ActiveCfg = Release|Any CPU
		{B2CEEB9C-E4D3-4578-ABF3-261A249E0611}.Release|x86.Build.0 = Release|Any CPU
		{0F95507E-D2E4-48DD-AB43-70A0E26195E9}.Debug|Any CPU.ActiveCfg = Debug|Any CPU
		{0F95507E-D2E4-48DD-AB43-70A0E26195E9}.Debug|Any CPU.Build.0 = Debug|Any CPU
		{0F95507E-D2E4-48DD-AB43-70A0E26195E9}.Debug|x64.ActiveCfg = Debug|Any CPU
		{0F95507E-D2E4-48DD-AB43-70A0E26195E9}.Debug|x64.Build.0 = Debug|Any CPU
		{0F95507E-D2E4-48DD-AB43-70A0E26195E9}.Debug|x86.ActiveCfg = Debug|Any CPU
		{0F95507E-D2E4-48DD-AB43-70A0E26195E9}.Debug|x86.Build.0 = Debug|Any CPU
		{0F95507E-D2E4-48DD-AB43-70A0E26195E9}.Release|Any CPU.ActiveCfg = Release|Any CPU
		{0F95507E-D2E4-48DD-AB43-70A0E26195E9}.Release|Any CPU.Build.0 = Release|Any CPU
		{0F95507E-D2E4-48DD-AB43-70A0E26195E9}.Release|x64.ActiveCfg = Release|Any CPU
		{0F95507E-D2E4-48DD-AB43-70A0E26195E9}.Release|x64.Build.0 = Release|Any CPU
		{0F95507E-D2E4-48DD-AB43-70A0E26195E9}.Release|x86.ActiveCfg = Release|Any CPU
		{0F95507E-D2E4-48DD-AB43-70A0E26195E9}.Release|x86.Build.0 = Release|Any CPU
	EndGlobalSection
	GlobalSection(SolutionProperties) = preSolution
		HideSolutionNode = FALSE
	EndGlobalSection
	GlobalSection(NestedProjects) = preSolution
		{BE21E412-1CC0-4DDD-9604-733B75B00B26} = {827E0CD3-B72D-47B6-A68D-7590B98EB39B}
		{CA24E7F9-72FD-4649-8133-66E21452E65C} = {0AB3BF05-4346-4AA6-1389-037BE0695223}
		{8BE7AB9B-9344-4252-AA1C-825487314E58} = {827E0CD3-B72D-47B6-A68D-7590B98EB39B}
		{7F395C90-4E7B-4827-BD62-762E4AA60AE4} = {0AB3BF05-4346-4AA6-1389-037BE0695223}
		{B2CEEB9C-E4D3-4578-ABF3-261A249E0611} = {827E0CD3-B72D-47B6-A68D-7590B98EB39B}
		{0F95507E-D2E4-48DD-AB43-70A0E26195E9} = {0AB3BF05-4346-4AA6-1389-037BE0695223}
	EndGlobalSection
EndGlobal
